
Microsoft Visual Studio Solution File, Format Version 12.00
# Visual Studio Version 17
VisualStudioVersion = 17.4.33205.214
MinimumVisualStudioVersion = 10.0.40219.1
Project("{9A19103F-16F7-4668-BE54-9A1E7A4F7556}") = "CompetitionEventsManager", "CompetitionEventsManager.csproj", "{9E326B04-900A-4D4A-8380-797B1ACAD643}"
EndProject
Project("{9A19103F-16F7-4668-BE54-9A1E7A4F7556}") = "CompetitionEventsManagerTests1", "..\CompetitionEventsManagerTests1\CompetitionEventsManagerTests1.csproj", "{44DFB414-CB58-4BF7-BBC1-610B5365C48F}"
EndProject
Project("{2150E333-8FDC-42A3-9474-1A3956D46DE8}") = "Mano testai", "Mano testai", "{773B4042-2097-4148-B206-DB3A3D201FD8}"
EndProject
Global
	GlobalSection(SolutionConfigurationPlatforms) = preSolution
		Debug|Any CPU = Debug|Any CPU
		Release|Any CPU = Release|Any CPU
	EndGlobalSection
	GlobalSection(ProjectConfigurationPlatforms) = postSolution
		{9E326B04-900A-4D4A-8380-797B1ACAD643}.Debug|Any CPU.ActiveCfg = Debug|Any CPU
		{9E326B04-900A-4D4A-8380-797B1ACAD643}.Debug|Any CPU.Build.0 = Debug|Any CPU
		{9E326B04-900A-4D4A-8380-797B1ACAD643}.Release|Any CPU.ActiveCfg = Release|Any CPU
		{9E326B04-900A-4D4A-8380-797B1ACAD643}.Release|Any CPU.Build.0 = Release|Any CPU
		{44DFB414-CB58-4BF7-BBC1-610B5365C48F}.Debug|Any CPU.ActiveCfg = Debug|Any CPU
		{44DFB414-CB58-4BF7-BBC1-610B5365C48F}.Debug|Any CPU.Build.0 = Debug|Any CPU
		{44DFB414-CB58-4BF7-BBC1-610B5365C48F}.Release|Any CPU.ActiveCfg = Release|Any CPU
		{44DFB414-CB58-4BF7-BBC1-610B5365C48F}.Release|Any CPU.Build.0 = Release|Any CPU
	EndGlobalSection
	GlobalSection(SolutionProperties) = preSolution
		HideSolutionNode = FALSE
	EndGlobalSection
	GlobalSection(NestedProjects) = preSolution
		{44DFB414-CB58-4BF7-BBC1-610B5365C48F} = {773B4042-2097-4148-B206-DB3A3D201FD8}
	EndGlobalSection
	GlobalSection(ExtensibilityGlobals) = postSolution
		SolutionGuid = {25DBC635-BE88-4543-BCDD-C59F3096FD56}
	EndGlobalSection
EndGlobal
